
Microsoft Visual Studio Solution File, Format Version 12.00
# Visual Studio Version 17
VisualStudioVersion = 17.11.35327.3
MinimumVisualStudioVersion = 10.0.40219.1
Project("{FAE04EC0-301F-11D3-BF4B-00C04F79EFBC}") = "langlopende_taak", "langlopende_taak\langlopende_taak.csproj", "{531AA41E-5AA0-4D18-BAB3-80BEFB801E7F}"
EndProject
Project("{FAE04EC0-301F-11D3-BF4B-00C04F79EFBC}") = "UnitTesting", "UnitTesting\UnitTesting.csproj", "{95AD6EFD-E998-4160-A823-3C5D6AD7E4BB}"
EndProject
Global
	GlobalSection(SolutionConfigurationPlatforms) = preSolution
		Debug|Any CPU = Debug|Any CPU
		Release|Any CPU = Release|Any CPU
	EndGlobalSection
	GlobalSection(ProjectConfigurationPlatforms) = postSolution
		{531AA41E-5AA0-4D18-BAB3-80BEFB801E7F}.Debug|Any CPU.ActiveCfg = Debug|Any CPU
		{531AA41E-5AA0-4D18-BAB3-80BEFB801E7F}.Debug|Any CPU.Build.0 = Debug|Any CPU
		{531AA41E-5AA0-4D18-BAB3-80BEFB801E7F}.Release|Any CPU.ActiveCfg = Release|Any CPU
		{531AA41E-5AA0-4D18-BAB3-80BEFB801E7F}.Release|Any CPU.Build.0 = Release|Any CPU
		{95AD6EFD-E998-4160-A823-3C5D6AD7E4BB}.Debug|Any CPU.ActiveCfg = Debug|Any CPU
		{95AD6EFD-E998-4160-A823-3C5D6AD7E4BB}.Debug|Any CPU.Build.0 = Debug|Any CPU
		{95AD6EFD-E998-4160-A823-3C5D6AD7E4BB}.Release|Any CPU.ActiveCfg = Release|Any CPU
		{95AD6EFD-E998-4160-A823-3C5D6AD7E4BB}.Release|Any CPU.Build.0 = Release|Any CPU
	EndGlobalSection
	GlobalSection(SolutionProperties) = preSolution
		HideSolutionNode = FALSE
	EndGlobalSection
	GlobalSection(ExtensibilityGlobals) = postSolution
		SolutionGuid = {1CEEF0B8-F0F8-4986-A591-39A04313A9EA}
	EndGlobalSection
EndGlobal
